// !$*UTF8*$!
{
	archiveVersion = 1;
	classes = {
	};
	objectVersion = 77;
	objects = {

/* Begin PBXContainerItemProxy section */
		E5691CB22DCCB0C800AF31EB /* PBXContainerItemProxy */ = {
			isa = PBXContainerItemProxy;
			containerPortal = E5691C9C2DCCB0C700AF31EB /* Project object */;
			proxyType = 1;
			remoteGlobalIDString = E5691CA32DCCB0C700AF31EB;
			remoteInfo = AutoTask;
		};
		E5691CBC2DCCB0C800AF31EB /* PBXContainerItemProxy */ = {
			isa = PBXContainerItemProxy;
			containerPortal = E5691C9C2DCCB0C700AF31EB /* Project object */;
			proxyType = 1;
			remoteGlobalIDString = E5691CA32DCCB0C700AF31EB;
			remoteInfo = AutoTask;
		};
/* End PBXContainerItemProxy section */

/* Begin PBXFileReference section */
		E5691CA42DCCB0C700AF31EB /* AutoTask.app */ = {isa = PBXFileReference; explicitFileType = wrapper.application; includeInIndex = 0; path = AutoTask.app; sourceTree = BUILT_PRODUCTS_DIR; };
		E5691CB12DCCB0C800AF31EB /* AutoTaskTests.xctest */ = {isa = PBXFileReference; explicitFileType = wrapper.cfbundle; includeInIndex = 0; path = AutoTaskTests.xctest; sourceTree = BUILT_PRODUCTS_DIR; };
		E5691CBB2DCCB0C800AF31EB /* AutoTaskUITests.xctest */ = {isa = PBXFileReference; explicitFileType = wrapper.cfbundle; includeInIndex = 0; path = AutoTaskUITests.xctest; sourceTree = BUILT_PRODUCTS_DIR; };
/* End PBXFileReference section */

/* Begin PBXFileSystemSynchronizedRootGroup section */
		E5691CA62DCCB0C700AF31EB /* AutoTask */ = {
			isa = PBXFileSystemSynchronizedRootGroup;
			path = AutoTask;
			sourceTree = "<group>";
		};
		E5691CB42DCCB0C800AF31EB /* AutoTaskTests */ = {
			isa = PBXFileSystemSynchronizedRootGroup;
			path = AutoTaskTests;
			sourceTree = "<group>";
		};
		E5691CBE2DCCB0C800AF31EB /* AutoTaskUITests */ = {
			isa = PBXFileSystemSynchronizedRootGroup;
			path = AutoTaskUITests;
			sourceTree = "<group>";
		};
/* End PBXFileSystemSynchronizedRootGroup section */

/* Begin PBXFrameworksBuildPhase section */
		E5691CA12DCCB0C700AF31EB /* Frameworks */ = {
			isa = PBXFrameworksBuildPhase;
			buildActionMask = 2147483647;
			files = (
			);
			runOnlyForDeploymentPostprocessing = 0;
		};
		E5691CAE2DCCB0C800AF31EB /* Frameworks */ = {
			isa = PBXFrameworksBuildPhase;
			buildActionMask = 2147483647;
			files = (
			);
			runOnlyForDeploymentPostprocessing = 0;
		};
		E5691CB82DCCB0C800AF31EB /* Frameworks */ = {
			isa = PBXFrameworksBuildPhase;
			buildActionMask = 2147483647;
			files = (
			);
			runOnlyForDeploymentPostprocessing = 0;
		};
/* End PBXFrameworksBuildPhase section */

/* Begin PBXGroup section */
		E5691C9B2DCCB0C700AF31EB = {
			isa = PBXGroup;
			children = (
				E5691CA62DCCB0C700AF31EB /* AutoTask */,
				E5691CB42DCCB0C800AF31EB /* AutoTaskTests */,
				E5691CBE2DCCB0C800AF31EB /* AutoTaskUITests */,
				E5691CA52DCCB0C700AF31EB /* Products */,
			);
			sourceTree = "<group>";
		};
		E5691CA52DCCB0C700AF31EB /* Products */ = {
			isa = PBXGroup;
			children = (
				E5691CA42DCCB0C700AF31EB /* AutoTask.app */,
				E5691CB12DCCB0C800AF31EB /* AutoTaskTests.xctest */,
				E5691CBB2DCCB0C800AF31EB /* AutoTaskUITests.xctest */,
			);
			name = Products;
			sourceTree = "<group>";
		};
/* End PBXGroup section */

/* Begin PBXNativeTarget section */
		E5691CA32DCCB0C700AF31EB /* AutoTask */ = {
			isa = PBXNativeTarget;
			buildConfigurationList = E5691CC52DCCB0C800AF31EB /* Build configuration list for PBXNativeTarget "AutoTask" */;
			buildPhases = (
				E5691CA02DCCB0C700AF31EB /* Sources */,
				E5691CA12DCCB0C700AF31EB /* Frameworks */,
				E5691CA22DCCB0C700AF31EB /* Resources */,
			);
			buildRules = (
			);
			dependencies = (
			);
			fileSystemSynchronizedGroups = (
				E5691CA62DCCB0C700AF31EB /* AutoTask */,
			);
			name = AutoTask;
			packageProductDependencies = (
			);
			productName = AutoTask;
			productReference = E5691CA42DCCB0C700AF31EB /* AutoTask.app */;
			productType = "com.apple.product-type.application";
		};
		E5691CB02DCCB0C800AF31EB /* AutoTaskTests */ = {
			isa = PBXNativeTarget;
			buildConfigurationList = E5691CC82DCCB0C800AF31EB /* Build configuration list for PBXNativeTarget "AutoTaskTests" */;
			buildPhases = (
				E5691CAD2DCCB0C800AF31EB /* Sources */,
				E5691CAE2DCCB0C800AF31EB /* Frameworks */,
				E5691CAF2DCCB0C800AF31EB /* Resources */,
			);
			buildRules = (
			);
			dependencies = (
				E5691CB32DCCB0C800AF31EB /* PBXTargetDependency */,
			);
			fileSystemSynchronizedGroups = (
				E5691CB42DCCB0C800AF31EB /* AutoTaskTests */,
			);
			name = AutoTaskTests;
			packageProductDependencies = (
			);
			productName = AutoTaskTests;
			productReference = E5691CB12DCCB0C800AF31EB /* AutoTaskTests.xctest */;
			productType = "com.apple.product-type.bundle.unit-test";
		};
		E5691CBA2DCCB0C800AF31EB /* AutoTaskUITests */ = {
			isa = PBXNativeTarget;
			buildConfigurationList = E5691CCB2DCCB0C800AF31EB /* Build configuration list for PBXNativeTarget "AutoTaskUITests" */;
			buildPhases = (
				E5691CB72DCCB0C800AF31EB /* Sources */,
				E5691CB82DCCB0C800AF31EB /* Frameworks */,
				E5691CB92DCCB0C800AF31EB /* Resources */,
			);
			buildRules = (
			);
			dependencies = (
				E5691CBD2DCCB0C800AF31EB /* PBXTargetDependency */,
			);
			fileSystemSynchronizedGroups = (
				E5691CBE2DCCB0C800AF31EB /* AutoTaskUITests */,
			);
			name = AutoTaskUITests;
			packageProductDependencies = (
			);
			productName = AutoTaskUITests;
			productReference = E5691CBB2DCCB0C800AF31EB /* AutoTaskUITests.xctest */;
			productType = "com.apple.product-type.bundle.ui-testing";
		};
/* End PBXNativeTarget section */

/* Begin PBXProject section */
		E5691C9C2DCCB0C700AF31EB /* Project object */ = {
			isa = PBXProject;
			attributes = {
				BuildIndependentTargetsInParallel = 1;
				LastSwiftUpdateCheck = 1630;
				LastUpgradeCheck = 1630;
				TargetAttributes = {
					E5691CA32DCCB0C700AF31EB = {
						CreatedOnToolsVersion = 16.3;
					};
					E5691CB02DCCB0C800AF31EB = {
						CreatedOnToolsVersion = 16.3;
						TestTargetID = E5691CA32DCCB0C700AF31EB;
					};
					E5691CBA2DCCB0C800AF31EB = {
						CreatedOnToolsVersion = 16.3;
						TestTargetID = E5691CA32DCCB0C700AF31EB;
					};
				};
			};
			buildConfigurationList = E5691C9F2DCCB0C700AF31EB /* Build configuration list for PBXProject "AutoTask" */;
			developmentRegion = en;
			hasScannedForEncodings = 0;
			knownRegions = (
				en,
				Base,
			);
			mainGroup = E5691C9B2DCCB0C700AF31EB;
			minimizedProjectReferenceProxies = 1;
			preferredProjectObjectVersion = 77;
			productRefGroup = E5691CA52DCCB0C700AF31EB /* Products */;
			projectDirPath = "";
			projectRoot = "";
			targets = (
				E5691CA32DCCB0C700AF31EB /* AutoTask */,
				E5691CB02DCCB0C800AF31EB /* AutoTaskTests */,
				E5691CBA2DCCB0C800AF31EB /* AutoTaskUITests */,
			);
		};
/* End PBXProject section */

/* Begin PBXResourcesBuildPhase section */
		E5691CA22DCCB0C700AF31EB /* Resources */ = {
			isa = PBXResourcesBuildPhase;
			buildActionMask = 2147483647;
			files = (
			);
			runOnlyForDeploymentPostprocessing = 0;
		};
		E5691CAF2DCCB0C800AF31EB /* Resources */ = {
			isa = PBXResourcesBuildPhase;
			buildActionMask = 2147483647;
			files = (
			);
			runOnlyForDeploymentPostprocessing = 0;
		};
		E5691CB92DCCB0C800AF31EB /* Resources */ = {
			isa = PBXResourcesBuildPhase;
			buildActionMask = 2147483647;
			files = (
			);
			runOnlyForDeploymentPostprocessing = 0;
		};
/* End PBXResourcesBuildPhase section */

/* Begin PBXSourcesBuildPhase section */
		E5691CA02DCCB0C700AF31EB /* Sources */ = {
			isa = PBXSourcesBuildPhase;
			buildActionMask = 2147483647;
			files = (
			);
			runOnlyForDeploymentPostprocessing = 0;
		};
		E5691CAD2DCCB0C800AF31EB /* Sources */ = {
			isa = PBXSourcesBuildPhase;
			buildActionMask = 2147483647;
			files = (
			);
			runOnlyForDeploymentPostprocessing = 0;
		};
		E5691CB72DCCB0C800AF31EB /* Sources */ = {
			isa = PBXSourcesBuildPhase;
			buildActionMask = 2147483647;
			files = (
			);
			runOnlyForDeploymentPostprocessing = 0;
		};
/* End PBXSourcesBuildPhase section */

/* Begin PBXTargetDependency section */
		E5691CB32DCCB0C800AF31EB /* PBXTargetDependency */ = {
			isa = PBXTargetDependency;
			target = E5691CA32DCCB0C700AF31EB /* AutoTask */;
			targetProxy = E5691CB22DCCB0C800AF31EB /* PBXContainerItemProxy */;
		};
		E5691CBD2DCCB0C800AF31EB /* PBXTargetDependency */ = {
			isa = PBXTargetDependency;
			target = E5691CA32DCCB0C700AF31EB /* AutoTask */;
			targetProxy = E5691CBC2DCCB0C800AF31EB /* PBXContainerItemProxy */;
		};
/* End PBXTargetDependency section */

/* Begin XCBuildConfiguration section */
		E5691CC32DCCB0C800AF31EB /* Debug */ = {
			isa = XCBuildConfiguration;
			buildSettings = {
				ALWAYS_SEARCH_USER_PATHS = NO;
				ASSETCATALOG_COMPILER_GENERATE_SWIFT_ASSET_SYMBOL_EXTENSIONS = YES;
				CLANG_ANALYZER_NONNULL = YES;
				CLANG_ANALYZER_NUMBER_OBJECT_CONVERSION = YES_AGGRESSIVE;
				CLANG_CXX_LANGUAGE_STANDARD = "gnu++20";
				CLANG_ENABLE_MODULES = YES;
				CLANG_ENABLE_OBJC_ARC = YES;
				CLANG_ENABLE_OBJC_WEAK = YES;
				CLANG_WARN_BLOCK_CAPTURE_AUTORELEASING = YES;
				CLANG_WARN_BOOL_CONVERSION = YES;
				CLANG_WARN_COMMA = YES;
				CLANG_WARN_CONSTANT_CONVERSION = YES;
				CLANG_WARN_DEPRECATED_OBJC_IMPLEMENTATIONS = YES;
				CLANG_WARN_DIRECT_OBJC_ISA_USAGE = YES_ERROR;
				CLANG_WARN_DOCUMENTATION_COMMENTS = YES;
				CLANG_WARN_EMPTY_BODY = YES;
				CLANG_WARN_ENUM_CONVERSION = YES;
				CLANG_WARN_INFINITE_RECURSION = YES;
				CLANG_WARN_INT_CONVERSION = YES;
				CLANG_WARN_NON_LITERAL_NULL_CONVERSION = YES;
				CLANG_WARN_OBJC_IMPLICIT_RETAIN_SELF = YES;
				CLANG_WARN_OBJC_LITERAL_CONVERSION = YES;
				CLANG_WARN_OBJC_ROOT_CLASS = YES_ERROR;
				CLANG_WARN_QUOTED_INCLUDE_IN_FRAMEWORK_HEADER = YES;
				CLANG_WARN_RANGE_LOOP_ANALYSIS = YES;
				CLANG_WARN_STRICT_PROTOTYPES = YES;
				CLANG_WARN_SUSPICIOUS_MOVE = YES;
				CLANG_WARN_UNGUARDED_AVAILABILITY = YES_AGGRESSIVE;
				CLANG_WARN_UNREACHABLE_CODE = YES;
				CLANG_WARN__DUPLICATE_METHOD_MATCH = YES;
				COPY_PHASE_STRIP = NO;
				DEBUG_INFORMATION_FORMAT = dwarf;
				DEVELOPMENT_TEAM = PP2K97M73A;
				ENABLE_STRICT_OBJC_MSGSEND = YES;
				ENABLE_TESTABILITY = YES;
				ENABLE_USER_SCRIPT_SANDBOXING = YES;
				GCC_C_LANGUAGE_STANDARD = gnu17;
				GCC_DYNAMIC_NO_PIC = NO;
				GCC_NO_COMMON_BLOCKS = YES;
				GCC_OPTIMIZATION_LEVEL = 0;
				GCC_PREPROCESSOR_DEFINITIONS = (
					"DEBUG=1",
					"$(inherited)",
				);
				GCC_WARN_64_TO_32_BIT_CONVERSION = YES;
				GCC_WARN_ABOUT_RETURN_TYPE = YES_ERROR;
				GCC_WARN_UNDECLARED_SELECTOR = YES;
				GCC_WARN_UNINITIALIZED_AUTOS = YES_AGGRESSIVE;
				GCC_WARN_UNUSED_FUNCTION = YES;
				GCC_WARN_UNUSED_VARIABLE = YES;
				IPHONEOS_DEPLOYMENT_TARGET = 18.4;
				LOCALIZATION_PREFERS_STRING_CATALOGS = YES;
				MTL_ENABLE_DEBUG_INFO = INCLUDE_SOURCE;
				MTL_FAST_MATH = YES;
				ONLY_ACTIVE_ARCH = YES;
				SDKROOT = iphoneos;
				SWIFT_ACTIVE_COMPILATION_CONDITIONS = "DEBUG $(inherited)";
				SWIFT_OPTIMIZATION_LEVEL = "-Onone";
			};
			name = Debug;
		};
		E5691CC42DCCB0C800AF31EB /* Release */ = {
			isa = XCBuildConfiguration;
			buildSettings = {
				ALWAYS_SEARCH_USER_PATHS = NO;
				ASSETCATALOG_COMPILER_GENERATE_SWIFT_ASSET_SYMBOL_EXTENSIONS = YES;
				CLANG_ANALYZER_NONNULL = YES;
				CLANG_ANALYZER_NUMBER_OBJECT_CONVERSION = YES_AGGRESSIVE;
				CLANG_CXX_LANGUAGE_STANDARD = "gnu++20";
				CLANG_ENABLE_MODULES = YES;
				CLANG_ENABLE_OBJC_ARC = YES;
				CLANG_ENABLE_OBJC_WEAK = YES;
				CLANG_WARN_BLOCK_CAPTURE_AUTORELEASING = YES;
				CLANG_WARN_BOOL_CONVERSION = YES;
				CLANG_WARN_COMMA = YES;
				CLANG_WARN_CONSTANT_CONVERSION = YES;
				CLANG_WARN_DEPRECATED_OBJC_IMPLEMENTATIONS = YES;
				CLANG_WARN_DIRECT_OBJC_ISA_USAGE = YES_ERROR;
				CLANG_WARN_DOCUMENTATION_COMMENTS = YES;
				CLANG_WARN_EMPTY_BODY = YES;
				CLANG_WARN_ENUM_CONVERSION = YES;
				CLANG_WARN_INFINITE_RECURSION = YES;
				CLANG_WARN_INT_CONVERSION = YES;
				CLANG_WARN_NON_LITERAL_NULL_CONVERSION = YES;
				CLANG_WARN_OBJC_IMPLICIT_RETAIN_SELF = YES;
				CLANG_WARN_OBJC_LITERAL_CONVERSION = YES;
				CLANG_WARN_OBJC_ROOT_CLASS = YES_ERROR;
				CLANG_WARN_QUOTED_INCLUDE_IN_FRAMEWORK_HEADER = YES;
				CLANG_WARN_RANGE_LOOP_ANALYSIS = YES;
				CLANG_WARN_STRICT_PROTOTYPES = YES;
				CLANG_WARN_SUSPICIOUS_MOVE = YES;
				CLANG_WARN_UNGUARDED_AVAILABILITY = YES_AGGRESSIVE;
				CLANG_WARN_UNREACHABLE_CODE = YES;
				CLANG_WARN__DUPLICATE_METHOD_MATCH = YES;
				COPY_PHASE_STRIP = NO;
				DEBUG_INFORMATION_FORMAT = "dwarf-with-dsym";
				DEVELOPMENT_TEAM = PP2K97M73A;
				ENABLE_NS_ASSERTIONS = NO;
				ENABLE_STRICT_OBJC_MSGSEND = YES;
				ENABLE_USER_SCRIPT_SANDBOXING = YES;
				GCC_C_LANGUAGE_STANDARD = gnu17;
				GCC_NO_COMMON_BLOCKS = YES;
				GCC_WARN_64_TO_32_BIT_CONVERSION = YES;
				GCC_WARN_ABOUT_RETURN_TYPE = YES_ERROR;
				GCC_WARN_UNDECLARED_SELECTOR = YES;
				GCC_WARN_UNINITIALIZED_AUTOS = YES_AGGRESSIVE;
				GCC_WARN_UNUSED_FUNCTION = YES;
				GCC_WARN_UNUSED_VARIABLE = YES;
				IPHONEOS_DEPLOYMENT_TARGET = 18.4;
				LOCALIZATION_PREFERS_STRING_CATALOGS = YES;
				MTL_ENABLE_DEBUG_INFO = NO;
				MTL_FAST_MATH = YES;
				SDKROOT = iphoneos;
				SWIFT_COMPILATION_MODE = wholemodule;
				VALIDATE_PRODUCT = YES;
			};
			name = Release;
		};
		E5691CC62DCCB0C800AF31EB /* Debug */ = {
			isa = XCBuildConfiguration;
			buildSettings = {
				ASSETCATALOG_COMPILER_APPICON_NAME = AppIcon;
				ASSETCATALOG_COMPILER_GLOBAL_ACCENT_COLOR_NAME = AccentColor;
				CODE_SIGN_STYLE = Automatic;
				CURRENT_PROJECT_VERSION = 1;
				DEVELOPMENT_TEAM = PP2K97M73A;
				ENABLE_PREVIEWS = YES;
				GENERATE_INFOPLIST_FILE = YES;
				INFOPLIST_KEY_UIApplicationSceneManifest_Generation = YES;
				INFOPLIST_KEY_UIApplicationSupportsIndirectInputEvents = YES;
				INFOPLIST_KEY_UILaunchScreen_Generation = YES;
				INFOPLIST_KEY_UISupportedInterfaceOrientations_iPad = "UIInterfaceOrientationPortrait UIInterfaceOrientationPortraitUpsideDown UIInterfaceOrientationLandscapeLeft UIInterfaceOrientationLandscapeRight";
				INFOPLIST_KEY_UISupportedInterfaceOrientations_iPhone = "UIInterfaceOrientationPortrait UIInterfaceOrientationLandscapeLeft UIInterfaceOrientationLandscapeRight";
				LD_RUNPATH_SEARCH_PATHS = (
					"$(inherited)",
					"@executable_path/Frameworks",
				);
				MARKETING_VERSION = 1.0;
				PRODUCT_BUNDLE_IDENTIFIER = cloud.rain.AutoTask;
				PRODUCT_NAME = "$(TARGET_NAME)";
				SWIFT_EMIT_LOC_STRINGS = YES;
				SWIFT_VERSION = 5.0;
				TARGETED_DEVICE_FAMILY = "1,2";
			};
			name = Debug;
		};
		E5691CC72DCCB0C800AF31EB /* Release */ = {
			isa = XCBuildConfiguration;
			buildSettings = {
				ASSETCATALOG_COMPILER_APPICON_NAME = AppIcon;
				ASSETCATALOG_COMPILER_GLOBAL_ACCENT_COLOR_NAME = AccentColor;
				CODE_SIGN_STYLE = Automatic;
				CURRENT_PROJECT_VERSION = 1;
				DEVELOPMENT_TEAM = PP2K97M73A;
				ENABLE_PREVIEWS = YES;
				GENERATE_INFOPLIST_FILE = YES;
				INFOPLIST_KEY_UIApplicationSceneManifest_Generation = YES;
				INFOPLIST_KEY_UIApplicationSupportsIndirectInputEvents = YES;
				INFOPLIST_KEY_UILaunchScreen_Generation = YES;
				INFOPLIST_KEY_UISupportedInterfaceOrientations_iPad = "UIInterfaceOrientationPortrait UIInterfaceOrientationPortraitUpsideDown UIInterfaceOrientationLandscapeLeft UIInterfaceOrientationLandscapeRight";
				INFOPLIST_KEY_UISupportedInterfaceOrientations_iPhone = "UIInterfaceOrientationPortrait UIInterfaceOrientationLandscapeLeft UIInterfaceOrientationLandscapeRight";
				LD_RUNPATH_SEARCH_PATHS = (
					"$(inherited)",
					"@executable_path/Frameworks",
				);
				MARKETING_VERSION = 1.0;
				PRODUCT_BUNDLE_IDENTIFIER = cloud.rain.AutoTask;
				PRODUCT_NAME = "$(TARGET_NAME)";
				SWIFT_EMIT_LOC_STRINGS = YES;
				SWIFT_VERSION = 5.0;
				TARGETED_DEVICE_FAMILY = "1,2";
			};
			name = Release;
		};
		E5691CC92DCCB0C800AF31EB /* Debug */ = {
			isa = XCBuildConfiguration;
			buildSettings = {
				BUNDLE_LOADER = "$(TEST_HOST)";
				CODE_SIGN_STYLE = Automatic;
				CURRENT_PROJECT_VERSION = 1;
				DEVELOPMENT_TEAM = PP2K97M73A;
				GENERATE_INFOPLIST_FILE = YES;
				IPHONEOS_DEPLOYMENT_TARGET = 18.4;
				MARKETING_VERSION = 1.0;
				PRODUCT_BUNDLE_IDENTIFIER = cloud.rain.AutoTaskTests;
				PRODUCT_NAME = "$(TARGET_NAME)";
				SWIFT_EMIT_LOC_STRINGS = NO;
				SWIFT_VERSION = 5.0;
				TARGETED_DEVICE_FAMILY = "1,2";
				TEST_HOST = "$(BUILT_PRODUCTS_DIR)/AutoTask.app/$(BUNDLE_EXECUTABLE_FOLDER_PATH)/AutoTask";
			};
			name = Debug;
		};
		E5691CCA2DCCB0C800AF31EB /* Release */ = {
			isa = XCBuildConfiguration;
			buildSettings = {
				BUNDLE_LOADER = "$(TEST_HOST)";
				CODE_SIGN_STYLE = Automatic;
				CURRENT_PROJECT_VERSION = 1;
				DEVELOPMENT_TEAM = PP2K97M73A;
				GENERATE_INFOPLIST_FILE = YES;
				IPHONEOS_DEPLOYMENT_TARGET = 18.4;
				MARKETING_VERSION = 1.0;
				PRODUCT_BUNDLE_IDENTIFIER = cloud.rain.AutoTaskTests;
				PRODUCT_NAME = "$(TARGET_NAME)";
				SWIFT_EMIT_LOC_STRINGS = NO;
				SWIFT_VERSION = 5.0;
				TARGETED_DEVICE_FAMILY = "1,2";
				TEST_HOST = "$(BUILT_PRODUCTS_DIR)/AutoTask.app/$(BUNDLE_EXECUTABLE_FOLDER_PATH)/AutoTask";
			};
			name = Release;
		};
		E5691CCC2DCCB0C800AF31EB /* Debug */ = {
			isa = XCBuildConfiguration;
			buildSettings = {
				CODE_SIGN_STYLE = Automatic;
				CURRENT_PROJECT_VERSION = 1;
				DEVELOPMENT_TEAM = PP2K97M73A;
				GENERATE_INFOPLIST_FILE = YES;
				MARKETING_VERSION = 1.0;
				PRODUCT_BUNDLE_IDENTIFIER = cloud.rain.AutoTaskUITests;
				PRODUCT_NAME = "$(TARGET_NAME)";
				SWIFT_EMIT_LOC_STRINGS = NO;
				SWIFT_VERSION = 5.0;
				TARGETED_DEVICE_FAMILY = "1,2";
				TEST_TARGET_NAME = AutoTask;
			};
			name = Debug;
		};
		E5691CCD2DCCB0C800AF31EB /* Release */ = {
			isa = XCBuildConfiguration;
			buildSettings = {
				CODE_SIGN_STYLE = Automatic;
				CURRENT_PROJECT_VERSION = 1;
				DEVELOPMENT_TEAM = PP2K97M73A;
				GENERATE_INFOPLIST_FILE = YES;
				MARKETING_VERSION = 1.0;
				PRODUCT_BUNDLE_IDENTIFIER = cloud.rain.AutoTaskUITests;
				PRODUCT_NAME = "$(TARGET_NAME)";
				SWIFT_EMIT_LOC_STRINGS = NO;
				SWIFT_VERSION = 5.0;
				TARGETED_DEVICE_FAMILY = "1,2";
				TEST_TARGET_NAME = AutoTask;
			};
			name = Release;
		};
/* End XCBuildConfiguration section */

/* Begin XCConfigurationList section */
		E5691C9F2DCCB0C700AF31EB /* Build configuration list for PBXProject "AutoTask" */ = {
			isa = XCConfigurationList;
			buildConfigurations = (
				E5691CC32DCCB0C800AF31EB /* Debug */,
				E5691CC42DCCB0C800AF31EB /* Release */,
			);
			defaultConfigurationIsVisible = 0;
			defaultConfigurationName = Release;
		};
		E5691CC52DCCB0C800AF31EB /* Build configuration list for PBXNativeTarget "AutoTask" */ = {
			isa = XCConfigurationList;
			buildConfigurations = (
				E5691CC62DCCB0C800AF31EB /* Debug */,
				E5691CC72DCCB0C800AF31EB /* Release */,
			);
			defaultConfigurationIsVisible = 0;
			defaultConfigurationName = Release;
		};
		E5691CC82DCCB0C800AF31EB /* Build configuration list for PBXNativeTarget "AutoTaskTests" */ = {
			isa = XCConfigurationList;
			buildConfigurations = (
				E5691CC92DCCB0C800AF31EB /* Debug */,
				E5691CCA2DCCB0C800AF31EB /* Release */,
			);
			defaultConfigurationIsVisible = 0;
			defaultConfigurationName = Release;
		};
		E5691CCB2DCCB0C800AF31EB /* Build configuration list for PBXNativeTarget "AutoTaskUITests" */ = {
			isa = XCConfigurationList;
			buildConfigurations = (
				E5691CCC2DCCB0C800AF31EB /* Debug */,
				E5691CCD2DCCB0C800AF31EB /* Release */,
			);
			defaultConfigurationIsVisible = 0;
			defaultConfigurationName = Release;
		};
/* End XCConfigurationList section */
	};
	rootObject = E5691C9C2DCCB0C700AF31EB /* Project object */;
}
